
Microsoft Visual Studio Solution File, Format Version 12.00
# Visual Studio Version 17
VisualStudioVersion = 17.2.32616.157
MinimumVisualStudioVersion = 10.0.40219.1
Project("{FAE04EC0-301F-11D3-BF4B-00C04F79EFBC}") = "Respiro", "Respiro.csproj", "{A81D9C2D-F8C4-446A-A56D-5CD8F4D994D3}"
EndProject
Global
	GlobalSection(SolutionConfigurationPlatforms) = preSolution
		Debug|Any CPU = Debug|Any CPU
		Release|Any CPU = Release|Any CPU
	EndGlobalSection
	GlobalSection(ProjectConfigurationPlatforms) = postSolution
		{A81D9C2D-F8C4-446A-A56D-5CD8F4D994D3}.Debug|Any CPU.ActiveCfg = Debug|Any CPU
		{A81D9C2D-F8C4-446A-A56D-5CD8F4D994D3}.Debug|Any CPU.Build.0 = Debug|Any CPU
		{A81D9C2D-F8C4-446A-A56D-5CD8F4D994D3}.Release|Any CPU.ActiveCfg = Release|Any CPU
		{A81D9C2D-F8C4-446A-A56D-5CD8F4D994D3}.Release|Any CPU.Build.0 = Release|Any CPU
	EndGlobalSection
	GlobalSection(SolutionProperties) = preSolution
		HideSolutionNode = FALSE
	EndGlobalSection
	GlobalSection(ExtensibilityGlobals) = postSolution
		SolutionGuid = {90B91040-809E-407C-A312-53EA70B03A35}
	EndGlobalSection
EndGlobal
